
Microsoft Visual Studio Solution File, Format Version 12.00
# Visual Studio 15
VisualStudioVersion = 15.0.28307.1525
MinimumVisualStudioVersion = 10.0.40219.1
Project("{8BC9CEB8-8B4A-11D0-8D11-00A0C91BC942}") = "ADOFAI_SimultaneouslyHit", "ADOFAI_SimultaneouslyHit.vcxproj", "{75D7F18D-08C5-4F70-93B0-23324076A2ED}"
EndProject
Global
	GlobalSection(SolutionConfigurationPlatforms) = preSolution
		Debug|x64 = Debug|x64
		Debug|x86 = Debug|x86
		Release|x64 = Release|x64
		Release|x86 = Release|x86
	EndGlobalSection
	GlobalSection(ProjectConfigurationPlatforms) = postSolution
		{75D7F18D-08C5-4F70-93B0-23324076A2ED}.Debug|x64.ActiveCfg = Debug|x64
		{75D7F18D-08C5-4F70-93B0-23324076A2ED}.Debug|x64.Build.0 = Debug|x64
		{75D7F18D-08C5-4F70-93B0-23324076A2ED}.Debug|x86.ActiveCfg = Debug|Win32
		{75D7F18D-08C5-4F70-93B0-23324076A2ED}.Debug|x86.Build.0 = Debug|Win32
		{75D7F18D-08C5-4F70-93B0-23324076A2ED}.Release|x64.ActiveCfg = Release|x64
		{75D7F18D-08C5-4F70-93B0-23324076A2ED}.Release|x64.Build.0 = Release|x64
		{75D7F18D-08C5-4F70-93B0-23324076A2ED}.Release|x86.ActiveCfg = Release|Win32
		{75D7F18D-08C5-4F70-93B0-23324076A2ED}.Release|x86.Build.0 = Release|Win32
	EndGlobalSection
	GlobalSection(SolutionProperties) = preSolution
		HideSolutionNode = FALSE
	EndGlobalSection
	GlobalSection(ExtensibilityGlobals) = postSolution
		SolutionGuid = {F8D71A12-4C8B-492B-9724-7FF5BFA2BE09}
	EndGlobalSection
EndGlobal
