
Microsoft Visual Studio Solution File, Format Version 12.00
# Visual Studio Version 17
VisualStudioVersion = 17.5.33530.505
MinimumVisualStudioVersion = 10.0.40219.1
Project("{8BC9CEB8-8B4A-11D0-8D11-00A0C91BC942}") = "ADOFAI_PotentialEnergy", "ADOFAI_PotentialEnergy\ADOFAI_PotentialEnergy.vcxproj", "{FDBCFD47-7581-477C-A890-88913155399F}"
EndProject
Global
	GlobalSection(SolutionConfigurationPlatforms) = preSolution
		Debug|x64 = Debug|x64
		Debug|x86 = Debug|x86
		Release|x64 = Release|x64
		Release|x86 = Release|x86
	EndGlobalSection
	GlobalSection(ProjectConfigurationPlatforms) = postSolution
		{FDBCFD47-7581-477C-A890-88913155399F}.Debug|x64.ActiveCfg = Debug|x64
		{FDBCFD47-7581-477C-A890-88913155399F}.Debug|x64.Build.0 = Debug|x64
		{FDBCFD47-7581-477C-A890-88913155399F}.Debug|x86.ActiveCfg = Debug|Win32
		{FDBCFD47-7581-477C-A890-88913155399F}.Debug|x86.Build.0 = Debug|Win32
		{FDBCFD47-7581-477C-A890-88913155399F}.Release|x64.ActiveCfg = Release|x64
		{FDBCFD47-7581-477C-A890-88913155399F}.Release|x64.Build.0 = Release|x64
		{FDBCFD47-7581-477C-A890-88913155399F}.Release|x86.ActiveCfg = Release|Win32
		{FDBCFD47-7581-477C-A890-88913155399F}.Release|x86.Build.0 = Release|Win32
	EndGlobalSection
	GlobalSection(SolutionProperties) = preSolution
		HideSolutionNode = FALSE
	EndGlobalSection
	GlobalSection(ExtensibilityGlobals) = postSolution
		SolutionGuid = {6621B3B1-FD2E-4064-88D6-504CB6EFA9AC}
	EndGlobalSection
EndGlobal
